
Microsoft Visual Studio Solution File, Format Version 12.00
# Visual Studio Version 17
VisualStudioVersion = 17.12.35506.116
MinimumVisualStudioVersion = 10.0.40219.1
Project("{2150E333-8FDC-42A3-9474-1A3956D46DE8}") = "Application", "Application", "{91278129-B827-4E53-BE91-718E95D2AA02}"
EndProject
Project("{2150E333-8FDC-42A3-9474-1A3956D46DE8}") = "Domain", "Domain", "{B01330B8-3AA5-4659-844E-5F7AB2F4AFEC}"
EndProject
Project("{2150E333-8FDC-42A3-9474-1A3956D46DE8}") = "Infrastructure", "Infrastructure", "{67111F11-D76A-461F-8F22-728D86096329}"
EndProject
Project("{2150E333-8FDC-42A3-9474-1A3956D46DE8}") = "Presentation", "Presentation", "{80AE0D38-7740-4449-A6D3-C9D61BD9546D}"
EndProject
Project("{FAE04EC0-301F-11D3-BF4B-00C04F79EFBC}") = "EcommerenceBackend.Application.Dto", "EcommerenceBackend.Application.Dto\EcommerenceBackend.Application.Dto.csproj", "{B201FCB5-D2F0-4B5F-87D4-1E3E2BBE6A7E}"
EndProject
Project("{FAE04EC0-301F-11D3-BF4B-00C04F79EFBC}") = "EcommerenceBackend.Application.UseCases", "EcommerenceBackend.Application.UseCases\EcommerenceBackend.Application.UseCases.csproj", "{B0368BC6-BF7F-450B-B8B4-C4B4BCDA3531}"
EndProject
Project("{FAE04EC0-301F-11D3-BF4B-00C04F79EFBC}") = "EcommerenceBackend.Application.Domain", "EcommerenceBackend.Application.Domain\EcommerenceBackend.Application.Domain.csproj", "{AE66221A-E06A-45AD-BEA7-39AC71050FED}"
EndProject
Project("{FAE04EC0-301F-11D3-BF4B-00C04F79EFBC}") = "EcommerenceBackend.Infrastructure", "EcommerenceBackend.Infrastructure\EcommerenceBackend.Infrastructure.csproj", "{F679C818-3BBB-4E1F-9FB4-E7B56F7A38C6}"
EndProject
Project("{FAE04EC0-301F-11D3-BF4B-00C04F79EFBC}") = "EcommerenceBackend.WebApi", "EcommerenceBackend.WebApi\EcommerenceBackend.WebApi.csproj", "{D6A3A26F-57BF-46E7-9279-D7FE0FF354A2}"
EndProject
Project("{FAE04EC0-301F-11D3-BF4B-00C04F79EFBC}") = "EcommerenceBackend.Application.Interfaces", "EcommerenceBackend.Application.Interfaces\EcommerenceBackend.Application.Interfaces.csproj", "{B17CDD45-7147-453E-8719-FD5A5F422DEA}"
EndProject
Project("{FAE04EC0-301F-11D3-BF4B-00C04F79EFBC}") = "EcommerenceBackendUnitTestProj", "EcommerenceBackendUnitTestProj\EcommerenceBackendUnitTestProj.csproj", "{8BB63835-AA6A-494D-AF4A-7C1F7E219902}"
EndProject
Global
	GlobalSection(SolutionConfigurationPlatforms) = preSolution
		Debug|Any CPU = Debug|Any CPU
		Release|Any CPU = Release|Any CPU
	EndGlobalSection
	GlobalSection(ProjectConfigurationPlatforms) = postSolution
		{B201FCB5-D2F0-4B5F-87D4-1E3E2BBE6A7E}.Debug|Any CPU.ActiveCfg = Debug|Any CPU
		{B201FCB5-D2F0-4B5F-87D4-1E3E2BBE6A7E}.Debug|Any CPU.Build.0 = Debug|Any CPU
		{B201FCB5-D2F0-4B5F-87D4-1E3E2BBE6A7E}.Release|Any CPU.ActiveCfg = Release|Any CPU
		{B201FCB5-D2F0-4B5F-87D4-1E3E2BBE6A7E}.Release|Any CPU.Build.0 = Release|Any CPU
		{B0368BC6-BF7F-450B-B8B4-C4B4BCDA3531}.Debug|Any CPU.ActiveCfg = Debug|Any CPU
		{B0368BC6-BF7F-450B-B8B4-C4B4BCDA3531}.Debug|Any CPU.Build.0 = Debug|Any CPU
		{B0368BC6-BF7F-450B-B8B4-C4B4BCDA3531}.Release|Any CPU.ActiveCfg = Release|Any CPU
		{B0368BC6-BF7F-450B-B8B4-C4B4BCDA3531}.Release|Any CPU.Build.0 = Release|Any CPU
		{AE66221A-E06A-45AD-BEA7-39AC71050FED}.Debug|Any CPU.ActiveCfg = Debug|Any CPU
		{AE66221A-E06A-45AD-BEA7-39AC71050FED}.Debug|Any CPU.Build.0 = Debug|Any CPU
		{AE66221A-E06A-45AD-BEA7-39AC71050FED}.Release|Any CPU.ActiveCfg = Release|Any CPU
		{AE66221A-E06A-45AD-BEA7-39AC71050FED}.Release|Any CPU.Build.0 = Release|Any CPU
		{F679C818-3BBB-4E1F-9FB4-E7B56F7A38C6}.Debug|Any CPU.ActiveCfg = Debug|Any CPU
		{F679C818-3BBB-4E1F-9FB4-E7B56F7A38C6}.Debug|Any CPU.Build.0 = Debug|Any CPU
		{F679C818-3BBB-4E1F-9FB4-E7B56F7A38C6}.Release|Any CPU.ActiveCfg = Release|Any CPU
		{F679C818-3BBB-4E1F-9FB4-E7B56F7A38C6}.Release|Any CPU.Build.0 = Release|Any CPU
		{D6A3A26F-57BF-46E7-9279-D7FE0FF354A2}.Debug|Any CPU.ActiveCfg = Debug|Any CPU
		{D6A3A26F-57BF-46E7-9279-D7FE0FF354A2}.Debug|Any CPU.Build.0 = Debug|Any CPU
		{D6A3A26F-57BF-46E7-9279-D7FE0FF354A2}.Release|Any CPU.ActiveCfg = Release|Any CPU
		{D6A3A26F-57BF-46E7-9279-D7FE0FF354A2}.Release|Any CPU.Build.0 = Release|Any CPU
		{B17CDD45-7147-453E-8719-FD5A5F422DEA}.Debug|Any CPU.ActiveCfg = Debug|Any CPU
		{B17CDD45-7147-453E-8719-FD5A5F422DEA}.Debug|Any CPU.Build.0 = Debug|Any CPU
		{B17CDD45-7147-453E-8719-FD5A5F422DEA}.Release|Any CPU.ActiveCfg = Release|Any CPU
		{B17CDD45-7147-453E-8719-FD5A5F422DEA}.Release|Any CPU.Build.0 = Release|Any CPU
		{8BB63835-AA6A-494D-AF4A-7C1F7E219902}.Debug|Any CPU.ActiveCfg = Debug|Any CPU
		{8BB63835-AA6A-494D-AF4A-7C1F7E219902}.Debug|Any CPU.Build.0 = Debug|Any CPU
		{8BB63835-AA6A-494D-AF4A-7C1F7E219902}.Release|Any CPU.ActiveCfg = Release|Any CPU
		{8BB63835-AA6A-494D-AF4A-7C1F7E219902}.Release|Any CPU.Build.0 = Release|Any CPU
	EndGlobalSection
	GlobalSection(SolutionProperties) = preSolution
		HideSolutionNode = FALSE
	EndGlobalSection
	GlobalSection(NestedProjects) = preSolution
		{B201FCB5-D2F0-4B5F-87D4-1E3E2BBE6A7E} = {91278129-B827-4E53-BE91-718E95D2AA02}
		{B0368BC6-BF7F-450B-B8B4-C4B4BCDA3531} = {91278129-B827-4E53-BE91-718E95D2AA02}
		{AE66221A-E06A-45AD-BEA7-39AC71050FED} = {B01330B8-3AA5-4659-844E-5F7AB2F4AFEC}
		{F679C818-3BBB-4E1F-9FB4-E7B56F7A38C6} = {67111F11-D76A-461F-8F22-728D86096329}
		{D6A3A26F-57BF-46E7-9279-D7FE0FF354A2} = {80AE0D38-7740-4449-A6D3-C9D61BD9546D}
		{B17CDD45-7147-453E-8719-FD5A5F422DEA} = {91278129-B827-4E53-BE91-718E95D2AA02}
	EndGlobalSection
EndGlobal
